
Microsoft Visual Studio Solution File, Format Version 12.00
# Visual Studio Version 16
VisualStudioVersion = 16.0.31205.134
MinimumVisualStudioVersion = 10.0.40219.1
Project("{9A19103F-16F7-4668-BE54-9A1E7A4F7556}") = "BankSelling", "BankSelling\BankSelling.csproj", "{914F811A-1B61-4C90-987A-D69286B1F650}"
EndProject
Project("{FAE04EC0-301F-11D3-BF4B-00C04F79EFBC}") = "UnitTests", "UnitTests\UnitTests.csproj", "{51540067-3A67-4F05-AF5D-BE744BA2793C}"
EndProject
Global
	GlobalSection(SolutionConfigurationPlatforms) = preSolution
		Debug|Any CPU = Debug|Any CPU
		Release|Any CPU = Release|Any CPU
	EndGlobalSection
	GlobalSection(ProjectConfigurationPlatforms) = postSolution
		{914F811A-1B61-4C90-987A-D69286B1F650}.Debug|Any CPU.ActiveCfg = Debug|Any CPU
		{914F811A-1B61-4C90-987A-D69286B1F650}.Debug|Any CPU.Build.0 = Debug|Any CPU
		{914F811A-1B61-4C90-987A-D69286B1F650}.Release|Any CPU.ActiveCfg = Release|Any CPU
		{914F811A-1B61-4C90-987A-D69286B1F650}.Release|Any CPU.Build.0 = Release|Any CPU
		{51540067-3A67-4F05-AF5D-BE744BA2793C}.Debug|Any CPU.ActiveCfg = Debug|Any CPU
		{51540067-3A67-4F05-AF5D-BE744BA2793C}.Debug|Any CPU.Build.0 = Debug|Any CPU
		{51540067-3A67-4F05-AF5D-BE744BA2793C}.Release|Any CPU.ActiveCfg = Release|Any CPU
		{51540067-3A67-4F05-AF5D-BE744BA2793C}.Release|Any CPU.Build.0 = Release|Any CPU
	EndGlobalSection
	GlobalSection(SolutionProperties) = preSolution
		HideSolutionNode = FALSE
	EndGlobalSection
	GlobalSection(ExtensibilityGlobals) = postSolution
		SolutionGuid = {F234A58B-3A1C-4F33-8C5F-B6BE614DDBE9}
	EndGlobalSection
EndGlobal
